// !$*UTF8*$!
{
	archiveVersion = 1;
	classes = {
	};
	objectVersion = 56;
	objects = {

/* Begin PBXBuildFile section */
		9F09E74129ED46FE00958B44 /* AFL3_RPGBattle_MirandaUtami_0706012110056App.swift in Sources */ = {isa = PBXBuildFile; fileRef = 9F09E74029ED46FE00958B44 /* AFL3_RPGBattle_MirandaUtami_0706012110056App.swift */; };
		9F09E74329ED46FE00958B44 /* ContentView.swift in Sources */ = {isa = PBXBuildFile; fileRef = 9F09E74229ED46FE00958B44 /* ContentView.swift */; };
		9F09E74529ED46FF00958B44 /* Assets.xcassets in Resources */ = {isa = PBXBuildFile; fileRef = 9F09E74429ED46FF00958B44 /* Assets.xcassets */; };
		9F09E74829ED46FF00958B44 /* Preview Assets.xcassets in Resources */ = {isa = PBXBuildFile; fileRef = 9F09E74729ED46FF00958B44 /* Preview Assets.xcassets */; };
		9F09E75229ED46FF00958B44 /* AFL3_RPGBattle_MirandaUtami_0706012110056Tests.swift in Sources */ = {isa = PBXBuildFile; fileRef = 9F09E75129ED46FF00958B44 /* AFL3_RPGBattle_MirandaUtami_0706012110056Tests.swift */; };
		9F09E75C29ED46FF00958B44 /* AFL3_RPGBattle_MirandaUtami_0706012110056UITests.swift in Sources */ = {isa = PBXBuildFile; fileRef = 9F09E75B29ED46FF00958B44 /* AFL3_RPGBattle_MirandaUtami_0706012110056UITests.swift */; };
		9F09E75E29ED46FF00958B44 /* AFL3_RPGBattle_MirandaUtami_0706012110056UITestsLaunchTests.swift in Sources */ = {isa = PBXBuildFile; fileRef = 9F09E75D29ED46FF00958B44 /* AFL3_RPGBattle_MirandaUtami_0706012110056UITestsLaunchTests.swift */; };
		9F09E76F29ED47E000958B44 /* Opening.swift in Sources */ = {isa = PBXBuildFile; fileRef = 9F09E76E29ED47E000958B44 /* Opening.swift */; };
		9FAFC7A129FA559000921630 /* splashScreen.swift in Sources */ = {isa = PBXBuildFile; fileRef = 9FAFC7A029FA559000921630 /* splashScreen.swift */; };
		9FAFC7A329FA55C700921630 /* PlayNow.swift in Sources */ = {isa = PBXBuildFile; fileRef = 9FAFC7A229FA55C700921630 /* PlayNow.swift */; };
		9FAFC7A529FA55DE00921630 /* UserPage.swift in Sources */ = {isa = PBXBuildFile; fileRef = 9FAFC7A429FA55DE00921630 /* UserPage.swift */; };
/* End PBXBuildFile section */

/* Begin PBXContainerItemProxy section */
		9F09E74E29ED46FF00958B44 /* PBXContainerItemProxy */ = {
			isa = PBXContainerItemProxy;
			containerPortal = 9F09E73529ED46FE00958B44 /* Project object */;
			proxyType = 1;
			remoteGlobalIDString = 9F09E73C29ED46FE00958B44;
			remoteInfo = "AFL3-RPGBattle-MirandaUtami-0706012110056";
		};
		9F09E75829ED46FF00958B44 /* PBXContainerItemProxy */ = {
			isa = PBXContainerItemProxy;
			containerPortal = 9F09E73529ED46FE00958B44 /* Project object */;
			proxyType = 1;
			remoteGlobalIDString = 9F09E73C29ED46FE00958B44;
			remoteInfo = "AFL3-RPGBattle-MirandaUtami-0706012110056";
		};
/* End PBXContainerItemProxy section */

/* Begin PBXFileReference section */
		9F09E73D29ED46FE00958B44 /* AFL3-RPGBattle-MirandaUtami-0706012110056.app */ = {isa = PBXFileReference; explicitFileType = wrapper.application; includeInIndex = 0; path = "AFL3-RPGBattle-MirandaUtami-0706012110056.app"; sourceTree = BUILT_PRODUCTS_DIR; };
		9F09E74029ED46FE00958B44 /* AFL3_RPGBattle_MirandaUtami_0706012110056App.swift */ = {isa = PBXFileReference; lastKnownFileType = sourcecode.swift; path = AFL3_RPGBattle_MirandaUtami_0706012110056App.swift; sourceTree = "<group>"; };
		9F09E74229ED46FE00958B44 /* ContentView.swift */ = {isa = PBXFileReference; lastKnownFileType = sourcecode.swift; path = ContentView.swift; sourceTree = "<group>"; };
		9F09E74429ED46FF00958B44 /* Assets.xcassets */ = {isa = PBXFileReference; lastKnownFileType = folder.assetcatalog; path = Assets.xcassets; sourceTree = "<group>"; };
		9F09E74729ED46FF00958B44 /* Preview Assets.xcassets */ = {isa = PBXFileReference; lastKnownFileType = folder.assetcatalog; path = "Preview Assets.xcassets"; sourceTree = "<group>"; };
		9F09E74D29ED46FF00958B44 /* AFL3-RPGBattle-MirandaUtami-0706012110056Tests.xctest */ = {isa = PBXFileReference; explicitFileType = wrapper.cfbundle; includeInIndex = 0; path = "AFL3-RPGBattle-MirandaUtami-0706012110056Tests.xctest"; sourceTree = BUILT_PRODUCTS_DIR; };
		9F09E75129ED46FF00958B44 /* AFL3_RPGBattle_MirandaUtami_0706012110056Tests.swift */ = {isa = PBXFileReference; lastKnownFileType = sourcecode.swift; path = AFL3_RPGBattle_MirandaUtami_0706012110056Tests.swift; sourceTree = "<group>"; };
		9F09E75729ED46FF00958B44 /* AFL3-RPGBattle-MirandaUtami-0706012110056UITests.xctest */ = {isa = PBXFileReference; explicitFileType = wrapper.cfbundle; includeInIndex = 0; path = "AFL3-RPGBattle-MirandaUtami-0706012110056UITests.xctest"; sourceTree = BUILT_PRODUCTS_DIR; };
		9F09E75B29ED46FF00958B44 /* AFL3_RPGBattle_MirandaUtami_0706012110056UITests.swift */ = {isa = PBXFileReference; lastKnownFileType = sourcecode.swift; path = AFL3_RPGBattle_MirandaUtami_0706012110056UITests.swift; sourceTree = "<group>"; };
		9F09E75D29ED46FF00958B44 /* AFL3_RPGBattle_MirandaUtami_0706012110056UITestsLaunchTests.swift */ = {isa = PBXFileReference; lastKnownFileType = sourcecode.swift; path = AFL3_RPGBattle_MirandaUtami_0706012110056UITestsLaunchTests.swift; sourceTree = "<group>"; };
		9F09E76E29ED47E000958B44 /* Opening.swift */ = {isa = PBXFileReference; lastKnownFileType = sourcecode.swift; path = Opening.swift; sourceTree = "<group>"; };
		9FAFC7A029FA559000921630 /* splashScreen.swift */ = {isa = PBXFileReference; lastKnownFileType = sourcecode.swift; path = splashScreen.swift; sourceTree = "<group>"; };
		9FAFC7A229FA55C700921630 /* PlayNow.swift */ = {isa = PBXFileReference; lastKnownFileType = sourcecode.swift; path = PlayNow.swift; sourceTree = "<group>"; };
		9FAFC7A429FA55DE00921630 /* UserPage.swift */ = {isa = PBXFileReference; lastKnownFileType = sourcecode.swift; path = UserPage.swift; sourceTree = "<group>"; };
/* End PBXFileReference section */

/* Begin PBXFrameworksBuildPhase section */
		9F09E73A29ED46FE00958B44 /* Frameworks */ = {
			isa = PBXFrameworksBuildPhase;
			buildActionMask = 2147483647;
			files = (
			);
			runOnlyForDeploymentPostprocessing = 0;
		};
		9F09E74A29ED46FF00958B44 /* Frameworks */ = {
			isa = PBXFrameworksBuildPhase;
			buildActionMask = 2147483647;
			files = (
			);
			runOnlyForDeploymentPostprocessing = 0;
		};
		9F09E75429ED46FF00958B44 /* Frameworks */ = {
			isa = PBXFrameworksBuildPhase;
			buildActionMask = 2147483647;
			files = (
			);
			runOnlyForDeploymentPostprocessing = 0;
		};
/* End PBXFrameworksBuildPhase section */

/* Begin PBXGroup section */
		9F09E73429ED46FE00958B44 = {
			isa = PBXGroup;
			children = (
				9F09E73F29ED46FE00958B44 /* AFL3-RPGBattle-MirandaUtami-0706012110056 */,
				9F09E75029ED46FF00958B44 /* AFL3-RPGBattle-MirandaUtami-0706012110056Tests */,
				9F09E75A29ED46FF00958B44 /* AFL3-RPGBattle-MirandaUtami-0706012110056UITests */,
				9F09E73E29ED46FE00958B44 /* Products */,
			);
			sourceTree = "<group>";
		};
		9F09E73E29ED46FE00958B44 /* Products */ = {
			isa = PBXGroup;
			children = (
				9F09E73D29ED46FE00958B44 /* AFL3-RPGBattle-MirandaUtami-0706012110056.app */,
				9F09E74D29ED46FF00958B44 /* AFL3-RPGBattle-MirandaUtami-0706012110056Tests.xctest */,
				9F09E75729ED46FF00958B44 /* AFL3-RPGBattle-MirandaUtami-0706012110056UITests.xctest */,
			);
			name = Products;
			sourceTree = "<group>";
		};
		9F09E73F29ED46FE00958B44 /* AFL3-RPGBattle-MirandaUtami-0706012110056 */ = {
			isa = PBXGroup;
			children = (
				9F09E74029ED46FE00958B44 /* AFL3_RPGBattle_MirandaUtami_0706012110056App.swift */,
				9F09E74229ED46FE00958B44 /* ContentView.swift */,
				9FAFC7A029FA559000921630 /* splashScreen.swift */,
				9FAFC7A229FA55C700921630 /* PlayNow.swift */,
				9FAFC7A429FA55DE00921630 /* UserPage.swift */,
				9F09E74429ED46FF00958B44 /* Assets.xcassets */,
				9F09E74629ED46FF00958B44 /* Preview Content */,
				9F09E76E29ED47E000958B44 /* Opening.swift */,
			);
			path = "AFL3-RPGBattle-MirandaUtami-0706012110056";
			sourceTree = "<group>";
		};
		9F09E74629ED46FF00958B44 /* Preview Content */ = {
			isa = PBXGroup;
			children = (
				9F09E74729ED46FF00958B44 /* Preview Assets.xcassets */,
			);
			path = "Preview Content";
			sourceTree = "<group>";
		};
		9F09E75029ED46FF00958B44 /* AFL3-RPGBattle-MirandaUtami-0706012110056Tests */ = {
			isa = PBXGroup;
			children = (
				9F09E75129ED46FF00958B44 /* AFL3_RPGBattle_MirandaUtami_0706012110056Tests.swift */,
			);
			path = "AFL3-RPGBattle-MirandaUtami-0706012110056Tests";
			sourceTree = "<group>";
		};
		9F09E75A29ED46FF00958B44 /* AFL3-RPGBattle-MirandaUtami-0706012110056UITests */ = {
			isa = PBXGroup;
			children = (
				9F09E75B29ED46FF00958B44 /* AFL3_RPGBattle_MirandaUtami_0706012110056UITests.swift */,
				9F09E75D29ED46FF00958B44 /* AFL3_RPGBattle_MirandaUtami_0706012110056UITestsLaunchTests.swift */,
			);
			path = "AFL3-RPGBattle-MirandaUtami-0706012110056UITests";
			sourceTree = "<group>";
		};
/* End PBXGroup section */

/* Begin PBXNativeTarget section */
		9F09E73C29ED46FE00958B44 /* AFL3-RPGBattle-MirandaUtami-0706012110056 */ = {
			isa = PBXNativeTarget;
			buildConfigurationList = 9F09E76129ED46FF00958B44 /* Build configuration list for PBXNativeTarget "AFL3-RPGBattle-MirandaUtami-0706012110056" */;
			buildPhases = (
				9F09E73929ED46FE00958B44 /* Sources */,
				9F09E73A29ED46FE00958B44 /* Frameworks */,
				9F09E73B29ED46FE00958B44 /* Resources */,
			);
			buildRules = (
			);
			dependencies = (
			);
			name = "AFL3-RPGBattle-MirandaUtami-0706012110056";
			productName = "AFL3-RPGBattle-MirandaUtami-0706012110056";
			productReference = 9F09E73D29ED46FE00958B44 /* AFL3-RPGBattle-MirandaUtami-0706012110056.app */;
			productType = "com.apple.product-type.application";
		};
		9F09E74C29ED46FF00958B44 /* AFL3-RPGBattle-MirandaUtami-0706012110056Tests */ = {
			isa = PBXNativeTarget;
			buildConfigurationList = 9F09E76429ED46FF00958B44 /* Build configuration list for PBXNativeTarget "AFL3-RPGBattle-MirandaUtami-0706012110056Tests" */;
			buildPhases = (
				9F09E74929ED46FF00958B44 /* Sources */,
				9F09E74A29ED46FF00958B44 /* Frameworks */,
				9F09E74B29ED46FF00958B44 /* Resources */,
			);
			buildRules = (
			);
			dependencies = (
				9F09E74F29ED46FF00958B44 /* PBXTargetDependency */,
			);
			name = "AFL3-RPGBattle-MirandaUtami-0706012110056Tests";
			productName = "AFL3-RPGBattle-MirandaUtami-0706012110056Tests";
			productReference = 9F09E74D29ED46FF00958B44 /* AFL3-RPGBattle-MirandaUtami-0706012110056Tests.xctest */;
			productType = "com.apple.product-type.bundle.unit-test";
		};
		9F09E75629ED46FF00958B44 /* AFL3-RPGBattle-MirandaUtami-0706012110056UITests */ = {
			isa = PBXNativeTarget;
			buildConfigurationList = 9F09E76729ED46FF00958B44 /* Build configuration list for PBXNativeTarget "AFL3-RPGBattle-MirandaUtami-0706012110056UITests" */;
			buildPhases = (
				9F09E75329ED46FF00958B44 /* Sources */,
				9F09E75429ED46FF00958B44 /* Frameworks */,
				9F09E75529ED46FF00958B44 /* Resources */,
			);
			buildRules = (
			);
			dependencies = (
				9F09E75929ED46FF00958B44 /* PBXTargetDependency */,
			);
			name = "AFL3-RPGBattle-MirandaUtami-0706012110056UITests";
			productName = "AFL3-RPGBattle-MirandaUtami-0706012110056UITests";
			productReference = 9F09E75729ED46FF00958B44 /* AFL3-RPGBattle-MirandaUtami-0706012110056UITests.xctest */;
			productType = "com.apple.product-type.bundle.ui-testing";
		};
/* End PBXNativeTarget section */

/* Begin PBXProject section */
		9F09E73529ED46FE00958B44 /* Project object */ = {
			isa = PBXProject;
			attributes = {
				BuildIndependentTargetsInParallel = 1;
				LastSwiftUpdateCheck = 1430;
				LastUpgradeCheck = 1430;
				TargetAttributes = {
					9F09E73C29ED46FE00958B44 = {
						CreatedOnToolsVersion = 14.3;
					};
					9F09E74C29ED46FF00958B44 = {
						CreatedOnToolsVersion = 14.3;
						TestTargetID = 9F09E73C29ED46FE00958B44;
					};
					9F09E75629ED46FF00958B44 = {
						CreatedOnToolsVersion = 14.3;
						TestTargetID = 9F09E73C29ED46FE00958B44;
					};
				};
			};
			buildConfigurationList = 9F09E73829ED46FE00958B44 /* Build configuration list for PBXProject "AFL3-RPGBattle-MirandaUtami-0706012110056" */;
			compatibilityVersion = "Xcode 14.0";
			developmentRegion = en;
			hasScannedForEncodings = 0;
			knownRegions = (
				en,
				Base,
			);
			mainGroup = 9F09E73429ED46FE00958B44;
			productRefGroup = 9F09E73E29ED46FE00958B44 /* Products */;
			projectDirPath = "";
			projectRoot = "";
			targets = (
				9F09E73C29ED46FE00958B44 /* AFL3-RPGBattle-MirandaUtami-0706012110056 */,
				9F09E74C29ED46FF00958B44 /* AFL3-RPGBattle-MirandaUtami-0706012110056Tests */,
				9F09E75629ED46FF00958B44 /* AFL3-RPGBattle-MirandaUtami-0706012110056UITests */,
			);
		};
/* End PBXProject section */

/* Begin PBXResourcesBuildPhase section */
		9F09E73B29ED46FE00958B44 /* Resources */ = {
			isa = PBXResourcesBuildPhase;
			buildActionMask = 2147483647;
			files = (
				9F09E74829ED46FF00958B44 /* Preview Assets.xcassets in Resources */,
				9F09E74529ED46FF00958B44 /* Assets.xcassets in Resources */,
			);
			runOnlyForDeploymentPostprocessing = 0;
		};
		9F09E74B29ED46FF00958B44 /* Resources */ = {
			isa = PBXResourcesBuildPhase;
			buildActionMask = 2147483647;
			files = (
			);
			runOnlyForDeploymentPostprocessing = 0;
		};
		9F09E75529ED46FF00958B44 /* Resources */ = {
			isa = PBXResourcesBuildPhase;
			buildActionMask = 2147483647;
			files = (
			);
			runOnlyForDeploymentPostprocessing = 0;
		};
/* End PBXResourcesBuildPhase section */

/* Begin PBXSourcesBuildPhase section */
		9F09E73929ED46FE00958B44 /* Sources */ = {
			isa = PBXSourcesBuildPhase;
			buildActionMask = 2147483647;
			files = (
				9FAFC7A329FA55C700921630 /* PlayNow.swift in Sources */,
				9FAFC7A129FA559000921630 /* splashScreen.swift in Sources */,
				9F09E76F29ED47E000958B44 /* Opening.swift in Sources */,
				9F09E74329ED46FE00958B44 /* ContentView.swift in Sources */,
				9F09E74129ED46FE00958B44 /* AFL3_RPGBattle_MirandaUtami_0706012110056App.swift in Sources */,
				9FAFC7A529FA55DE00921630 /* UserPage.swift in Sources */,
			);
			runOnlyForDeploymentPostprocessing = 0;
		};
		9F09E74929ED46FF00958B44 /* Sources */ = {
			isa = PBXSourcesBuildPhase;
			buildActionMask = 2147483647;
			files = (
				9F09E75229ED46FF00958B44 /* AFL3_RPGBattle_MirandaUtami_0706012110056Tests.swift in Sources */,
			);
			runOnlyForDeploymentPostprocessing = 0;
		};
		9F09E75329ED46FF00958B44 /* Sources */ = {
			isa = PBXSourcesBuildPhase;
			buildActionMask = 2147483647;
			files = (
				9F09E75E29ED46FF00958B44 /* AFL3_RPGBattle_MirandaUtami_0706012110056UITestsLaunchTests.swift in Sources */,
				9F09E75C29ED46FF00958B44 /* AFL3_RPGBattle_MirandaUtami_0706012110056UITests.swift in Sources */,
			);
			runOnlyForDeploymentPostprocessing = 0;
		};
/* End PBXSourcesBuildPhase section */

/* Begin PBXTargetDependency section */
		9F09E74F29ED46FF00958B44 /* PBXTargetDependency */ = {
			isa = PBXTargetDependency;
			target = 9F09E73C29ED46FE00958B44 /* AFL3-RPGBattle-MirandaUtami-0706012110056 */;
			targetProxy = 9F09E74E29ED46FF00958B44 /* PBXContainerItemProxy */;
		};
		9F09E75929ED46FF00958B44 /* PBXTargetDependency */ = {
			isa = PBXTargetDependency;
			target = 9F09E73C29ED46FE00958B44 /* AFL3-RPGBattle-MirandaUtami-0706012110056 */;
			targetProxy = 9F09E75829ED46FF00958B44 /* PBXContainerItemProxy */;
		};
/* End PBXTargetDependency section */

/* Begin XCBuildConfiguration section */
		9F09E75F29ED46FF00958B44 /* Debug */ = {
			isa = XCBuildConfiguration;
			buildSettings = {
				ALWAYS_SEARCH_USER_PATHS = NO;
				CLANG_ANALYZER_NONNULL = YES;
				CLANG_ANALYZER_NUMBER_OBJECT_CONVERSION = YES_AGGRESSIVE;
				CLANG_CXX_LANGUAGE_STANDARD = "gnu++20";
				CLANG_ENABLE_MODULES = YES;
				CLANG_ENABLE_OBJC_ARC = YES;
				CLANG_ENABLE_OBJC_WEAK = YES;
				CLANG_WARN_BLOCK_CAPTURE_AUTORELEASING = YES;
				CLANG_WARN_BOOL_CONVERSION = YES;
				CLANG_WARN_COMMA = YES;
				CLANG_WARN_CONSTANT_CONVERSION = YES;
				CLANG_WARN_DEPRECATED_OBJC_IMPLEMENTATIONS = YES;
				CLANG_WARN_DIRECT_OBJC_ISA_USAGE = YES_ERROR;
				CLANG_WARN_DOCUMENTATION_COMMENTS = YES;
				CLANG_WARN_EMPTY_BODY = YES;
				CLANG_WARN_ENUM_CONVERSION = YES;
				CLANG_WARN_INFINITE_RECURSION = YES;
				CLANG_WARN_INT_CONVERSION = YES;
				CLANG_WARN_NON_LITERAL_NULL_CONVERSION = YES;
				CLANG_WARN_OBJC_IMPLICIT_RETAIN_SELF = YES;
				CLANG_WARN_OBJC_LITERAL_CONVERSION = YES;
				CLANG_WARN_OBJC_ROOT_CLASS = YES_ERROR;
				CLANG_WARN_QUOTED_INCLUDE_IN_FRAMEWORK_HEADER = YES;
				CLANG_WARN_RANGE_LOOP_ANALYSIS = YES;
				CLANG_WARN_STRICT_PROTOTYPES = YES;
				CLANG_WARN_SUSPICIOUS_MOVE = YES;
				CLANG_WARN_UNGUARDED_AVAILABILITY = YES_AGGRESSIVE;
				CLANG_WARN_UNREACHABLE_CODE = YES;
				CLANG_WARN__DUPLICATE_METHOD_MATCH = YES;
				COPY_PHASE_STRIP = NO;
				DEBUG_INFORMATION_FORMAT = dwarf;
				ENABLE_STRICT_OBJC_MSGSEND = YES;
				ENABLE_TESTABILITY = YES;
				GCC_C_LANGUAGE_STANDARD = gnu11;
				GCC_DYNAMIC_NO_PIC = NO;
				GCC_NO_COMMON_BLOCKS = YES;
				GCC_OPTIMIZATION_LEVEL = 0;
				GCC_PREPROCESSOR_DEFINITIONS = (
					"DEBUG=1",
					"$(inherited)",
				);
				GCC_WARN_64_TO_32_BIT_CONVERSION = YES;
				GCC_WARN_ABOUT_RETURN_TYPE = YES_ERROR;
				GCC_WARN_UNDECLARED_SELECTOR = YES;
				GCC_WARN_UNINITIALIZED_AUTOS = YES_AGGRESSIVE;
				GCC_WARN_UNUSED_FUNCTION = YES;
				GCC_WARN_UNUSED_VARIABLE = YES;
				IPHONEOS_DEPLOYMENT_TARGET = 16.4;
				MTL_ENABLE_DEBUG_INFO = INCLUDE_SOURCE;
				MTL_FAST_MATH = YES;
				ONLY_ACTIVE_ARCH = YES;
				SDKROOT = iphoneos;
				SWIFT_ACTIVE_COMPILATION_CONDITIONS = DEBUG;
				SWIFT_OPTIMIZATION_LEVEL = "-Onone";
			};
			name = Debug;
		};
		9F09E76029ED46FF00958B44 /* Release */ = {
			isa = XCBuildConfiguration;
			buildSettings = {
				ALWAYS_SEARCH_USER_PATHS = NO;
				CLANG_ANALYZER_NONNULL = YES;
				CLANG_ANALYZER_NUMBER_OBJECT_CONVERSION = YES_AGGRESSIVE;
				CLANG_CXX_LANGUAGE_STANDARD = "gnu++20";
				CLANG_ENABLE_MODULES = YES;
				CLANG_ENABLE_OBJC_ARC = YES;
				CLANG_ENABLE_OBJC_WEAK = YES;
				CLANG_WARN_BLOCK_CAPTURE_AUTORELEASING = YES;
				CLANG_WARN_BOOL_CONVERSION = YES;
				CLANG_WARN_COMMA = YES;
				CLANG_WARN_CONSTANT_CONVERSION = YES;
				CLANG_WARN_DEPRECATED_OBJC_IMPLEMENTATIONS = YES;
				CLANG_WARN_DIRECT_OBJC_ISA_USAGE = YES_ERROR;
				CLANG_WARN_DOCUMENTATION_COMMENTS = YES;
				CLANG_WARN_EMPTY_BODY = YES;
				CLANG_WARN_ENUM_CONVERSION = YES;
				CLANG_WARN_INFINITE_RECURSION = YES;
				CLANG_WARN_INT_CONVERSION = YES;
				CLANG_WARN_NON_LITERAL_NULL_CONVERSION = YES;
				CLANG_WARN_OBJC_IMPLICIT_RETAIN_SELF = YES;
				CLANG_WARN_OBJC_LITERAL_CONVERSION = YES;
				CLANG_WARN_OBJC_ROOT_CLASS = YES_ERROR;
				CLANG_WARN_QUOTED_INCLUDE_IN_FRAMEWORK_HEADER = YES;
				CLANG_WARN_RANGE_LOOP_ANALYSIS = YES;
				CLANG_WARN_STRICT_PROTOTYPES = YES;
				CLANG_WARN_SUSPICIOUS_MOVE = YES;
				CLANG_WARN_UNGUARDED_AVAILABILITY = YES_AGGRESSIVE;
				CLANG_WARN_UNREACHABLE_CODE = YES;
				CLANG_WARN__DUPLICATE_METHOD_MATCH = YES;
				COPY_PHASE_STRIP = NO;
				DEBUG_INFORMATION_FORMAT = "dwarf-with-dsym";
				ENABLE_NS_ASSERTIONS = NO;
				ENABLE_STRICT_OBJC_MSGSEND = YES;
				GCC_C_LANGUAGE_STANDARD = gnu11;
				GCC_NO_COMMON_BLOCKS = YES;
				GCC_WARN_64_TO_32_BIT_CONVERSION = YES;
				GCC_WARN_ABOUT_RETURN_TYPE = YES_ERROR;
				GCC_WARN_UNDECLARED_SELECTOR = YES;
				GCC_WARN_UNINITIALIZED_AUTOS = YES_AGGRESSIVE;
				GCC_WARN_UNUSED_FUNCTION = YES;
				GCC_WARN_UNUSED_VARIABLE = YES;
				IPHONEOS_DEPLOYMENT_TARGET = 16.4;
				MTL_ENABLE_DEBUG_INFO = NO;
				MTL_FAST_MATH = YES;
				SDKROOT = iphoneos;
				SWIFT_COMPILATION_MODE = wholemodule;
				SWIFT_OPTIMIZATION_LEVEL = "-O";
				VALIDATE_PRODUCT = YES;
			};
			name = Release;
		};
		9F09E76229ED46FF00958B44 /* Debug */ = {
			isa = XCBuildConfiguration;
			buildSettings = {
				ASSETCATALOG_COMPILER_APPICON_NAME = AppIcon;
				ASSETCATALOG_COMPILER_GLOBAL_ACCENT_COLOR_NAME = AccentColor;
				CODE_SIGN_STYLE = Automatic;
				CURRENT_PROJECT_VERSION = 1;
				DEVELOPMENT_ASSET_PATHS = "\"AFL3-RPGBattle-MirandaUtami-0706012110056/Preview Content\"";
				DEVELOPMENT_TEAM = B3W96FJVQ4;
				ENABLE_PREVIEWS = YES;
				GENERATE_INFOPLIST_FILE = YES;
				INFOPLIST_KEY_UIApplicationSceneManifest_Generation = YES;
				INFOPLIST_KEY_UIApplicationSupportsIndirectInputEvents = YES;
				INFOPLIST_KEY_UILaunchScreen_Generation = YES;
				INFOPLIST_KEY_UISupportedInterfaceOrientations_iPad = "UIInterfaceOrientationPortrait UIInterfaceOrientationPortraitUpsideDown UIInterfaceOrientationLandscapeLeft UIInterfaceOrientationLandscapeRight";
				INFOPLIST_KEY_UISupportedInterfaceOrientations_iPhone = "UIInterfaceOrientationPortrait UIInterfaceOrientationLandscapeLeft UIInterfaceOrientationLandscapeRight";
				LD_RUNPATH_SEARCH_PATHS = (
					"$(inherited)",
					"@executable_path/Frameworks",
				);
				MARKETING_VERSION = 1.0;
				PRODUCT_BUNDLE_IDENTIFIER = "miranda.AFL3-RPGBattle-MirandaUtami-0706012110056";
				PRODUCT_NAME = "$(TARGET_NAME)";
				SWIFT_EMIT_LOC_STRINGS = YES;
				SWIFT_VERSION = 5.0;
				TARGETED_DEVICE_FAMILY = "1,2";
			};
			name = Debug;
		};
		9F09E76329ED46FF00958B44 /* Release */ = {
			isa = XCBuildConfiguration;
			buildSettings = {
				ASSETCATALOG_COMPILER_APPICON_NAME = AppIcon;
				ASSETCATALOG_COMPILER_GLOBAL_ACCENT_COLOR_NAME = AccentColor;
				CODE_SIGN_STYLE = Automatic;
				CURRENT_PROJECT_VERSION = 1;
				DEVELOPMENT_ASSET_PATHS = "\"AFL3-RPGBattle-MirandaUtami-0706012110056/Preview Content\"";
				DEVELOPMENT_TEAM = B3W96FJVQ4;
				ENABLE_PREVIEWS = YES;
				GENERATE_INFOPLIST_FILE = YES;
				INFOPLIST_KEY_UIApplicationSceneManifest_Generation = YES;
				INFOPLIST_KEY_UIApplicationSupportsIndirectInputEvents = YES;
				INFOPLIST_KEY_UILaunchScreen_Generation = YES;
				INFOPLIST_KEY_UISupportedInterfaceOrientations_iPad = "UIInterfaceOrientationPortrait UIInterfaceOrientationPortraitUpsideDown UIInterfaceOrientationLandscapeLeft UIInterfaceOrientationLandscapeRight";
				INFOPLIST_KEY_UISupportedInterfaceOrientations_iPhone = "UIInterfaceOrientationPortrait UIInterfaceOrientationLandscapeLeft UIInterfaceOrientationLandscapeRight";
				LD_RUNPATH_SEARCH_PATHS = (
					"$(inherited)",
					"@executable_path/Frameworks",
				);
				MARKETING_VERSION = 1.0;
				PRODUCT_BUNDLE_IDENTIFIER = "miranda.AFL3-RPGBattle-MirandaUtami-0706012110056";
				PRODUCT_NAME = "$(TARGET_NAME)";
				SWIFT_EMIT_LOC_STRINGS = YES;
				SWIFT_VERSION = 5.0;
				TARGETED_DEVICE_FAMILY = "1,2";
			};
			name = Release;
		};
		9F09E76529ED46FF00958B44 /* Debug */ = {
			isa = XCBuildConfiguration;
			buildSettings = {
				ALWAYS_EMBED_SWIFT_STANDARD_LIBRARIES = YES;
				BUNDLE_LOADER = "$(TEST_HOST)";
				CODE_SIGN_STYLE = Automatic;
				CURRENT_PROJECT_VERSION = 1;
				DEVELOPMENT_TEAM = B3W96FJVQ4;
				GENERATE_INFOPLIST_FILE = YES;
				IPHONEOS_DEPLOYMENT_TARGET = 16.4;
				MARKETING_VERSION = 1.0;
				PRODUCT_BUNDLE_IDENTIFIER = "miranda.AFL3-RPGBattle-MirandaUtami-0706012110056Tests";
				PRODUCT_NAME = "$(TARGET_NAME)";
				SWIFT_EMIT_LOC_STRINGS = NO;
				SWIFT_VERSION = 5.0;
				TARGETED_DEVICE_FAMILY = "1,2";
				TEST_HOST = "$(BUILT_PRODUCTS_DIR)/AFL3-RPGBattle-MirandaUtami-0706012110056.app/$(BUNDLE_EXECUTABLE_FOLDER_PATH)/AFL3-RPGBattle-MirandaUtami-0706012110056";
			};
			name = Debug;
		};
		9F09E76629ED46FF00958B44 /* Release */ = {
			isa = XCBuildConfiguration;
			buildSettings = {
				ALWAYS_EMBED_SWIFT_STANDARD_LIBRARIES = YES;
				BUNDLE_LOADER = "$(TEST_HOST)";
				CODE_SIGN_STYLE = Automatic;
				CURRENT_PROJECT_VERSION = 1;
				DEVELOPMENT_TEAM = B3W96FJVQ4;
				GENERATE_INFOPLIST_FILE = YES;
				IPHONEOS_DEPLOYMENT_TARGET = 16.4;
				MARKETING_VERSION = 1.0;
				PRODUCT_BUNDLE_IDENTIFIER = "miranda.AFL3-RPGBattle-MirandaUtami-0706012110056Tests";
				PRODUCT_NAME = "$(TARGET_NAME)";
				SWIFT_EMIT_LOC_STRINGS = NO;
				SWIFT_VERSION = 5.0;
				TARGETED_DEVICE_FAMILY = "1,2";
				TEST_HOST = "$(BUILT_PRODUCTS_DIR)/AFL3-RPGBattle-MirandaUtami-0706012110056.app/$(BUNDLE_EXECUTABLE_FOLDER_PATH)/AFL3-RPGBattle-MirandaUtami-0706012110056";
			};
			name = Release;
		};
		9F09E76829ED46FF00958B44 /* Debug */ = {
			isa = XCBuildConfiguration;
			buildSettings = {
				ALWAYS_EMBED_SWIFT_STANDARD_LIBRARIES = YES;
				CODE_SIGN_STYLE = Automatic;
				CURRENT_PROJECT_VERSION = 1;
				DEVELOPMENT_TEAM = B3W96FJVQ4;
				GENERATE_INFOPLIST_FILE = YES;
				MARKETING_VERSION = 1.0;
				PRODUCT_BUNDLE_IDENTIFIER = "miranda.AFL3-RPGBattle-MirandaUtami-0706012110056UITests";
				PRODUCT_NAME = "$(TARGET_NAME)";
				SWIFT_EMIT_LOC_STRINGS = NO;
				SWIFT_VERSION = 5.0;
				TARGETED_DEVICE_FAMILY = "1,2";
				TEST_TARGET_NAME = "AFL3-RPGBattle-MirandaUtami-0706012110056";
			};
			name = Debug;
		};
		9F09E76929ED46FF00958B44 /* Release */ = {
			isa = XCBuildConfiguration;
			buildSettings = {
				ALWAYS_EMBED_SWIFT_STANDARD_LIBRARIES = YES;
				CODE_SIGN_STYLE = Automatic;
				CURRENT_PROJECT_VERSION = 1;
				DEVELOPMENT_TEAM = B3W96FJVQ4;
				GENERATE_INFOPLIST_FILE = YES;
				MARKETING_VERSION = 1.0;
				PRODUCT_BUNDLE_IDENTIFIER = "miranda.AFL3-RPGBattle-MirandaUtami-0706012110056UITests";
				PRODUCT_NAME = "$(TARGET_NAME)";
				SWIFT_EMIT_LOC_STRINGS = NO;
				SWIFT_VERSION = 5.0;
				TARGETED_DEVICE_FAMILY = "1,2";
				TEST_TARGET_NAME = "AFL3-RPGBattle-MirandaUtami-0706012110056";
			};
			name = Release;
		};
/* End XCBuildConfiguration section */

/* Begin XCConfigurationList section */
		9F09E73829ED46FE00958B44 /* Build configuration list for PBXProject "AFL3-RPGBattle-MirandaUtami-0706012110056" */ = {
			isa = XCConfigurationList;
			buildConfigurations = (
				9F09E75F29ED46FF00958B44 /* Debug */,
				9F09E76029ED46FF00958B44 /* Release */,
			);
			defaultConfigurationIsVisible = 0;
			defaultConfigurationName = Release;
		};
		9F09E76129ED46FF00958B44 /* Build configuration list for PBXNativeTarget "AFL3-RPGBattle-MirandaUtami-0706012110056" */ = {
			isa = XCConfigurationList;
			buildConfigurations = (
				9F09E76229ED46FF00958B44 /* Debug */,
				9F09E76329ED46FF00958B44 /* Release */,
			);
			defaultConfigurationIsVisible = 0;
			defaultConfigurationName = Release;
		};
		9F09E76429ED46FF00958B44 /* Build configuration list for PBXNativeTarget "AFL3-RPGBattle-MirandaUtami-0706012110056Tests" */ = {
			isa = XCConfigurationList;
			buildConfigurations = (
				9F09E76529ED46FF00958B44 /* Debug */,
				9F09E76629ED46FF00958B44 /* Release */,
			);
			defaultConfigurationIsVisible = 0;
			defaultConfigurationName = Release;
		};
		9F09E76729ED46FF00958B44 /* Build configuration list for PBXNativeTarget "AFL3-RPGBattle-MirandaUtami-0706012110056UITests" */ = {
			isa = XCConfigurationList;
			buildConfigurations = (
				9F09E76829ED46FF00958B44 /* Debug */,
				9F09E76929ED46FF00958B44 /* Release */,
			);
			defaultConfigurationIsVisible = 0;
			defaultConfigurationName = Release;
		};
/* End XCConfigurationList section */
	};
	rootObject = 9F09E73529ED46FE00958B44 /* Project object */;
}
